
Microsoft Visual Studio Solution File, Format Version 12.00
# Visual Studio 15
VisualStudioVersion = 15.0.28010.0
MinimumVisualStudioVersion = 10.0.40219.1
Project("{FAE04EC0-301F-11D3-BF4B-00C04F79EFBC}") = "LibraryManagement.WebApp", "LibraryManagement.WebApp\LibraryManagement.WebApp.csproj", "{79FA0D47-C634-4133-BFC6-E84B74DAC98B}"
EndProject
Global
	GlobalSection(SolutionConfigurationPlatforms) = preSolution
		Debug|Any CPU = Debug|Any CPU
		Release|Any CPU = Release|Any CPU
	EndGlobalSection
	GlobalSection(ProjectConfigurationPlatforms) = postSolution
		{79FA0D47-C634-4133-BFC6-E84B74DAC98B}.Debug|Any CPU.ActiveCfg = Debug|Any CPU
		{79FA0D47-C634-4133-BFC6-E84B74DAC98B}.Debug|Any CPU.Build.0 = Debug|Any CPU
		{79FA0D47-C634-4133-BFC6-E84B74DAC98B}.Release|Any CPU.ActiveCfg = Release|Any CPU
		{79FA0D47-C634-4133-BFC6-E84B74DAC98B}.Release|Any CPU.Build.0 = Release|Any CPU
	EndGlobalSection
	GlobalSection(SolutionProperties) = preSolution
		HideSolutionNode = FALSE
	EndGlobalSection
	GlobalSection(ExtensibilityGlobals) = postSolution
		SolutionGuid = {5DE7B85F-5729-44E8-81CB-9FAEFE6F4774}
	EndGlobalSection
EndGlobal
